
Microsoft Visual Studio Solution File, Format Version 12.00
# Visual Studio Version 16
VisualStudioVersion = 16.0.31410.357
MinimumVisualStudioVersion = 10.0.40219.1
Project("{FAE04EC0-301F-11D3-BF4B-00C04F79EFBC}") = "ATM", "ATM.csproj", "{4094169D-FB43-4D2A-B7BF-9CF2D5041105}"
EndProject
Project("{FAE04EC0-301F-11D3-BF4B-00C04F79EFBC}") = "UnitTestProject1", "..\UnitTestProject1\UnitTestProject1.csproj", "{7D28ECE1-86B9-4755-882C-5D25EA1675E3}"
EndProject
Global
	GlobalSection(SolutionConfigurationPlatforms) = preSolution
		Debug|Any CPU = Debug|Any CPU
		Release|Any CPU = Release|Any CPU
	EndGlobalSection
	GlobalSection(ProjectConfigurationPlatforms) = postSolution
		{4094169D-FB43-4D2A-B7BF-9CF2D5041105}.Debug|Any CPU.ActiveCfg = Debug|Any CPU
		{4094169D-FB43-4D2A-B7BF-9CF2D5041105}.Debug|Any CPU.Build.0 = Debug|Any CPU
		{4094169D-FB43-4D2A-B7BF-9CF2D5041105}.Release|Any CPU.ActiveCfg = Release|Any CPU
		{4094169D-FB43-4D2A-B7BF-9CF2D5041105}.Release|Any CPU.Build.0 = Release|Any CPU
		{7D28ECE1-86B9-4755-882C-5D25EA1675E3}.Debug|Any CPU.ActiveCfg = Debug|Any CPU
		{7D28ECE1-86B9-4755-882C-5D25EA1675E3}.Debug|Any CPU.Build.0 = Debug|Any CPU
		{7D28ECE1-86B9-4755-882C-5D25EA1675E3}.Release|Any CPU.ActiveCfg = Release|Any CPU
		{7D28ECE1-86B9-4755-882C-5D25EA1675E3}.Release|Any CPU.Build.0 = Release|Any CPU
	EndGlobalSection
	GlobalSection(SolutionProperties) = preSolution
		HideSolutionNode = FALSE
	EndGlobalSection
	GlobalSection(ExtensibilityGlobals) = postSolution
		SolutionGuid = {66DCD9C6-191D-40FB-B096-ED79BD5D9E4E}
	EndGlobalSection
EndGlobal
